
Microsoft Visual Studio Solution File, Format Version 12.00
# Visual Studio Version 17
VisualStudioVersion = 17.10.35013.160
MinimumVisualStudioVersion = 10.0.40219.1
Project("{9A19103F-16F7-4668-BE54-9A1E7A4F7556}") = "Smooth.Web", "src\Smooth.Web\Smooth.Web.csproj", "{0EF1D888-DB35-407F-8412-3879483F2422}"
EndProject
Project("{2150E333-8FDC-42A3-9474-1A3956D46DE8}") = "src", "src", "{8EEB0F98-F3AE-4899-AA6E-8D0962E8D257}"
EndProject
Project("{2150E333-8FDC-42A3-9474-1A3956D46DE8}") = "docs", "docs", "{582B1C69-D3B6-418B-AFAB-92A96D2937CB}"
EndProject
Project("{9A19103F-16F7-4668-BE54-9A1E7A4F7556}") = "Smooth.Shared", "..\Smooth.Shared\src\Smooth.Shared\Smooth.Shared.csproj", "{3D78C374-1A26-4750-A1E4-56744EF7BBEE}"
EndProject
Global
	GlobalSection(SolutionConfigurationPlatforms) = preSolution
		Debug|Any CPU = Debug|Any CPU
		Release|Any CPU = Release|Any CPU
	EndGlobalSection
	GlobalSection(ProjectConfigurationPlatforms) = postSolution
		{0EF1D888-DB35-407F-8412-3879483F2422}.Debug|Any CPU.ActiveCfg = Debug|Any CPU
		{0EF1D888-DB35-407F-8412-3879483F2422}.Debug|Any CPU.Build.0 = Debug|Any CPU
		{0EF1D888-DB35-407F-8412-3879483F2422}.Release|Any CPU.ActiveCfg = Release|Any CPU
		{0EF1D888-DB35-407F-8412-3879483F2422}.Release|Any CPU.Build.0 = Release|Any CPU
		{3D78C374-1A26-4750-A1E4-56744EF7BBEE}.Debug|Any CPU.ActiveCfg = Debug|Any CPU
		{3D78C374-1A26-4750-A1E4-56744EF7BBEE}.Debug|Any CPU.Build.0 = Debug|Any CPU
		{3D78C374-1A26-4750-A1E4-56744EF7BBEE}.Release|Any CPU.ActiveCfg = Release|Any CPU
		{3D78C374-1A26-4750-A1E4-56744EF7BBEE}.Release|Any CPU.Build.0 = Release|Any CPU
	EndGlobalSection
	GlobalSection(SolutionProperties) = preSolution
		HideSolutionNode = FALSE
	EndGlobalSection
	GlobalSection(NestedProjects) = preSolution
		{0EF1D888-DB35-407F-8412-3879483F2422} = {8EEB0F98-F3AE-4899-AA6E-8D0962E8D257}
		{3D78C374-1A26-4750-A1E4-56744EF7BBEE} = {8EEB0F98-F3AE-4899-AA6E-8D0962E8D257}
	EndGlobalSection
	GlobalSection(ExtensibilityGlobals) = postSolution
		SolutionGuid = {5041918C-1ECC-4D65-B61C-F90F7D31BBB8}
	EndGlobalSection
EndGlobal
