
Microsoft Visual Studio Solution File, Format Version 12.00
# Visual Studio Version 17
VisualStudioVersion = 17.10.35013.160
MinimumVisualStudioVersion = 10.0.40219.1
Project("{9A19103F-16F7-4668-BE54-9A1E7A4F7556}") = "Smooth.Web", "src\Smooth.Web\Smooth.Web.csproj", "{0EF1D888-DB35-407F-8412-3879483F2422}"
EndProject
Project("{2150E333-8FDC-42A3-9474-1A3956D46DE8}") = "src", "src", "{8EEB0F98-F3AE-4899-AA6E-8D0962E8D257}"
EndProject
Project("{2150E333-8FDC-42A3-9474-1A3956D46DE8}") = "docs", "docs", "{582B1C69-D3B6-418B-AFAB-92A96D2937CB}"
	ProjectSection(SolutionItems) = preProject
		docs\WORKFLOW_EXPLANATION.md = docs\WORKFLOW_EXPLANATION.md
	EndProjectSection
EndProject
Project("{FAE04EC0-301F-11D3-BF4B-00C04F79EFBC}") = "Smooth.Shared.Application", "src\Smooth.Shared.Application\Smooth.Shared.Application.csproj", "{776E0EEA-C236-4AC9-92DF-04315C216BA6}"
EndProject
Project("{FAE04EC0-301F-11D3-BF4B-00C04F79EFBC}") = "Smooth.Shared.Domain", "src\Smooth.Shared.Domain\Smooth.Shared.Domain.csproj", "{5E4D63A0-513A-4780-93E8-3B9688E2FBD0}"
EndProject
Project("{FAE04EC0-301F-11D3-BF4B-00C04F79EFBC}") = "Smooth.Shared.Infrastructure", "src\Smooth.Shared.Infrastructure\Smooth.Shared.Infrastructure.csproj", "{00CCF4F5-3B7F-43AF-9262-94094996951A}"
EndProject
Project("{FAE04EC0-301F-11D3-BF4B-00C04F79EFBC}") = "Smooth.Shared.Razor", "src\Smooth.Shared.Razor\Smooth.Shared.Razor.csproj", "{47E021C4-5DCB-4B84-B900-27DF96FFB91F}"
EndProject
Project("{FAE04EC0-301F-11D3-BF4B-00C04F79EFBC}") = "Smooth.Web.Application", "src\Smooth.Web.Application\Smooth.Web.Application.csproj", "{F2858211-6DC6-4DDE-A62D-0A42E2919EA7}"
EndProject
Project("{FAE04EC0-301F-11D3-BF4B-00C04F79EFBC}") = "Smooth.Web.Domain", "src\Smooth.Web.Domain\Smooth.Web.Domain.csproj", "{56686F35-1BEB-4DE0-A0F5-1456448AE95B}"
EndProject
Project("{FAE04EC0-301F-11D3-BF4B-00C04F79EFBC}") = "Smooth.Web.Infrastructure", "src\Smooth.Web.Infrastructure\Smooth.Web.Infrastructure.csproj", "{C28FE855-F366-4578-9786-E9988058934E}"
EndProject
Global
	GlobalSection(SolutionConfigurationPlatforms) = preSolution
		Debug|Any CPU = Debug|Any CPU
		Release|Any CPU = Release|Any CPU
	EndGlobalSection
	GlobalSection(ProjectConfigurationPlatforms) = postSolution
		{0EF1D888-DB35-407F-8412-3879483F2422}.Debug|Any CPU.ActiveCfg = Debug|Any CPU
		{0EF1D888-DB35-407F-8412-3879483F2422}.Debug|Any CPU.Build.0 = Debug|Any CPU
		{0EF1D888-DB35-407F-8412-3879483F2422}.Release|Any CPU.ActiveCfg = Release|Any CPU
		{0EF1D888-DB35-407F-8412-3879483F2422}.Release|Any CPU.Build.0 = Release|Any CPU
		{776E0EEA-C236-4AC9-92DF-04315C216BA6}.Debug|Any CPU.ActiveCfg = Debug|Any CPU
		{776E0EEA-C236-4AC9-92DF-04315C216BA6}.Debug|Any CPU.Build.0 = Debug|Any CPU
		{776E0EEA-C236-4AC9-92DF-04315C216BA6}.Release|Any CPU.ActiveCfg = Release|Any CPU
		{776E0EEA-C236-4AC9-92DF-04315C216BA6}.Release|Any CPU.Build.0 = Release|Any CPU
		{5E4D63A0-513A-4780-93E8-3B9688E2FBD0}.Debug|Any CPU.ActiveCfg = Debug|Any CPU
		{5E4D63A0-513A-4780-93E8-3B9688E2FBD0}.Debug|Any CPU.Build.0 = Debug|Any CPU
		{5E4D63A0-513A-4780-93E8-3B9688E2FBD0}.Release|Any CPU.ActiveCfg = Release|Any CPU
		{5E4D63A0-513A-4780-93E8-3B9688E2FBD0}.Release|Any CPU.Build.0 = Release|Any CPU
		{00CCF4F5-3B7F-43AF-9262-94094996951A}.Debug|Any CPU.ActiveCfg = Debug|Any CPU
		{00CCF4F5-3B7F-43AF-9262-94094996951A}.Debug|Any CPU.Build.0 = Debug|Any CPU
		{00CCF4F5-3B7F-43AF-9262-94094996951A}.Release|Any CPU.ActiveCfg = Release|Any CPU
		{00CCF4F5-3B7F-43AF-9262-94094996951A}.Release|Any CPU.Build.0 = Release|Any CPU
		{47E021C4-5DCB-4B84-B900-27DF96FFB91F}.Debug|Any CPU.ActiveCfg = Debug|Any CPU
		{47E021C4-5DCB-4B84-B900-27DF96FFB91F}.Debug|Any CPU.Build.0 = Debug|Any CPU
		{47E021C4-5DCB-4B84-B900-27DF96FFB91F}.Release|Any CPU.ActiveCfg = Release|Any CPU
		{47E021C4-5DCB-4B84-B900-27DF96FFB91F}.Release|Any CPU.Build.0 = Release|Any CPU
		{F2858211-6DC6-4DDE-A62D-0A42E2919EA7}.Debug|Any CPU.ActiveCfg = Debug|Any CPU
		{F2858211-6DC6-4DDE-A62D-0A42E2919EA7}.Debug|Any CPU.Build.0 = Debug|Any CPU
		{F2858211-6DC6-4DDE-A62D-0A42E2919EA7}.Release|Any CPU.ActiveCfg = Release|Any CPU
		{F2858211-6DC6-4DDE-A62D-0A42E2919EA7}.Release|Any CPU.Build.0 = Release|Any CPU
		{56686F35-1BEB-4DE0-A0F5-1456448AE95B}.Debug|Any CPU.ActiveCfg = Debug|Any CPU
		{56686F35-1BEB-4DE0-A0F5-1456448AE95B}.Debug|Any CPU.Build.0 = Debug|Any CPU
		{56686F35-1BEB-4DE0-A0F5-1456448AE95B}.Release|Any CPU.ActiveCfg = Release|Any CPU
		{56686F35-1BEB-4DE0-A0F5-1456448AE95B}.Release|Any CPU.Build.0 = Release|Any CPU
		{C28FE855-F366-4578-9786-E9988058934E}.Debug|Any CPU.ActiveCfg = Debug|Any CPU
		{C28FE855-F366-4578-9786-E9988058934E}.Debug|Any CPU.Build.0 = Debug|Any CPU
		{C28FE855-F366-4578-9786-E9988058934E}.Release|Any CPU.ActiveCfg = Release|Any CPU
		{C28FE855-F366-4578-9786-E9988058934E}.Release|Any CPU.Build.0 = Release|Any CPU
	EndGlobalSection
	GlobalSection(SolutionProperties) = preSolution
		HideSolutionNode = FALSE
	EndGlobalSection
	GlobalSection(NestedProjects) = preSolution
		{0EF1D888-DB35-407F-8412-3879483F2422} = {8EEB0F98-F3AE-4899-AA6E-8D0962E8D257}
		{776E0EEA-C236-4AC9-92DF-04315C216BA6} = {8EEB0F98-F3AE-4899-AA6E-8D0962E8D257}
		{5E4D63A0-513A-4780-93E8-3B9688E2FBD0} = {8EEB0F98-F3AE-4899-AA6E-8D0962E8D257}
		{00CCF4F5-3B7F-43AF-9262-94094996951A} = {8EEB0F98-F3AE-4899-AA6E-8D0962E8D257}
		{47E021C4-5DCB-4B84-B900-27DF96FFB91F} = {8EEB0F98-F3AE-4899-AA6E-8D0962E8D257}
		{F2858211-6DC6-4DDE-A62D-0A42E2919EA7} = {8EEB0F98-F3AE-4899-AA6E-8D0962E8D257}
		{56686F35-1BEB-4DE0-A0F5-1456448AE95B} = {8EEB0F98-F3AE-4899-AA6E-8D0962E8D257}
		{C28FE855-F366-4578-9786-E9988058934E} = {8EEB0F98-F3AE-4899-AA6E-8D0962E8D257}
	EndGlobalSection
	GlobalSection(ExtensibilityGlobals) = postSolution
		SolutionGuid = {5041918C-1ECC-4D65-B61C-F90F7D31BBB8}
	EndGlobalSection
EndGlobal
